
Microsoft Visual Studio Solution File, Format Version 12.00
# Visual Studio Version 17
VisualStudioVersion = 17.7.34031.279
MinimumVisualStudioVersion = 10.0.40219.1
Project("{FAE04EC0-301F-11D3-BF4B-00C04F79EFBC}") = "OrangeHRM-zavrsen proekt", "OrangeHRM-zavrsen proekt\OrangeHRM-zavrsen proekt.csproj", "{75BDAA9A-0D70-4660-96E3-7E020C133BF9}"
EndProject
Global
	GlobalSection(SolutionConfigurationPlatforms) = preSolution
		Debug|Any CPU = Debug|Any CPU
		Release|Any CPU = Release|Any CPU
	EndGlobalSection
	GlobalSection(ProjectConfigurationPlatforms) = postSolution
		{75BDAA9A-0D70-4660-96E3-7E020C133BF9}.Debug|Any CPU.ActiveCfg = Debug|Any CPU
		{75BDAA9A-0D70-4660-96E3-7E020C133BF9}.Debug|Any CPU.Build.0 = Debug|Any CPU
		{75BDAA9A-0D70-4660-96E3-7E020C133BF9}.Release|Any CPU.ActiveCfg = Release|Any CPU
		{75BDAA9A-0D70-4660-96E3-7E020C133BF9}.Release|Any CPU.Build.0 = Release|Any CPU
	EndGlobalSection
	GlobalSection(SolutionProperties) = preSolution
		HideSolutionNode = FALSE
	EndGlobalSection
	GlobalSection(ExtensibilityGlobals) = postSolution
		SolutionGuid = {36F690EB-A670-4134-B685-BD98609AFCF3}
	EndGlobalSection
EndGlobal
